
Microsoft Visual Studio Solution File, Format Version 12.00
# Visual Studio Version 16
VisualStudioVersion = 16.0.29102.190
MinimumVisualStudioVersion = 10.0.40219.1
Project("{FAE04EC0-301F-11D3-BF4B-00C04F79EFBC}") = "Lab-De-Quy", "Lab-De-Quy\Lab-De-Quy.csproj", "{831E8B53-203D-49DB-9D9D-3451A96919EB}"
EndProject
Global
	GlobalSection(SolutionConfigurationPlatforms) = preSolution
		Debug|Any CPU = Debug|Any CPU
		Release|Any CPU = Release|Any CPU
	EndGlobalSection
	GlobalSection(ProjectConfigurationPlatforms) = postSolution
		{831E8B53-203D-49DB-9D9D-3451A96919EB}.Debug|Any CPU.ActiveCfg = Debug|Any CPU
		{831E8B53-203D-49DB-9D9D-3451A96919EB}.Debug|Any CPU.Build.0 = Debug|Any CPU
		{831E8B53-203D-49DB-9D9D-3451A96919EB}.Release|Any CPU.ActiveCfg = Release|Any CPU
		{831E8B53-203D-49DB-9D9D-3451A96919EB}.Release|Any CPU.Build.0 = Release|Any CPU
	EndGlobalSection
	GlobalSection(SolutionProperties) = preSolution
		HideSolutionNode = FALSE
	EndGlobalSection
	GlobalSection(ExtensibilityGlobals) = postSolution
		SolutionGuid = {3BF136B3-132B-4CE4-9C69-5BD8A20A8731}
	EndGlobalSection
EndGlobal
