
Microsoft Visual Studio Solution File, Format Version 12.00
# Visual Studio Version 16
VisualStudioVersion = 16.0.29102.190
MinimumVisualStudioVersion = 10.0.40219.1
Project("{FAE04EC0-301F-11D3-BF4B-00C04F79EFBC}") = "Lab-Queue", "Lab-Queue\Lab-Queue.csproj", "{1A447519-18B5-451A-BAFF-D841CCD0610F}"
EndProject
Global
	GlobalSection(SolutionConfigurationPlatforms) = preSolution
		Debug|Any CPU = Debug|Any CPU
		Release|Any CPU = Release|Any CPU
	EndGlobalSection
	GlobalSection(ProjectConfigurationPlatforms) = postSolution
		{1A447519-18B5-451A-BAFF-D841CCD0610F}.Debug|Any CPU.ActiveCfg = Debug|Any CPU
		{1A447519-18B5-451A-BAFF-D841CCD0610F}.Debug|Any CPU.Build.0 = Debug|Any CPU
		{1A447519-18B5-451A-BAFF-D841CCD0610F}.Release|Any CPU.ActiveCfg = Release|Any CPU
		{1A447519-18B5-451A-BAFF-D841CCD0610F}.Release|Any CPU.Build.0 = Release|Any CPU
	EndGlobalSection
	GlobalSection(SolutionProperties) = preSolution
		HideSolutionNode = FALSE
	EndGlobalSection
	GlobalSection(ExtensibilityGlobals) = postSolution
		SolutionGuid = {B359F85A-11CE-4FEB-AC7D-AB7062E095F8}
	EndGlobalSection
EndGlobal
