
Microsoft Visual Studio Solution File, Format Version 12.00
# Visual Studio Version 16
VisualStudioVersion = 16.0.29102.190
MinimumVisualStudioVersion = 10.0.40219.1
Project("{FAE04EC0-301F-11D3-BF4B-00C04F79EFBC}") = "Doi_So_Nhi_Phan_export_stack", "Doi_So_Nhi_Phan_export_stack\Doi_So_Nhi_Phan_export_stack.csproj", "{B2A9E6A9-1823-4840-BD4B-0F5B2C505F46}"
EndProject
Global
	GlobalSection(SolutionConfigurationPlatforms) = preSolution
		Debug|Any CPU = Debug|Any CPU
		Release|Any CPU = Release|Any CPU
	EndGlobalSection
	GlobalSection(ProjectConfigurationPlatforms) = postSolution
		{B2A9E6A9-1823-4840-BD4B-0F5B2C505F46}.Debug|Any CPU.ActiveCfg = Debug|Any CPU
		{B2A9E6A9-1823-4840-BD4B-0F5B2C505F46}.Debug|Any CPU.Build.0 = Debug|Any CPU
		{B2A9E6A9-1823-4840-BD4B-0F5B2C505F46}.Release|Any CPU.ActiveCfg = Release|Any CPU
		{B2A9E6A9-1823-4840-BD4B-0F5B2C505F46}.Release|Any CPU.Build.0 = Release|Any CPU
	EndGlobalSection
	GlobalSection(SolutionProperties) = preSolution
		HideSolutionNode = FALSE
	EndGlobalSection
	GlobalSection(ExtensibilityGlobals) = postSolution
		SolutionGuid = {D27284B4-9A83-45A3-A6C7-197CA00DDF70}
	EndGlobalSection
EndGlobal
